github.com/AzizRahimov/bankapp v0.0.0-20200920232139-64c096c56b16 h1:0MDhA6I5yRVWKSyca0mlU32YWjOYOz+uncS6zaQAyxg=
github.com/AzizRahimov/bankapp v0.0.0-20200920232139-64c096c56b16/go.mod h1:6w6bHct977c4PqBIYJYMtZdzMrlSikDKeeJgRc9JhUM=
github.com/nilufar99/bankapp v0.0.0-20200922003213-db662e6ad481 h1:eVWDCpBl5dyGjBUy5u69W6LULXK2DjvCRngVcY8C9FU=
github.com/nilufar99/bankapp v0.0.0-20200922003213-db662e6ad481/go.mod h1:oufuu9wMecViN2tYHAPsD8VbjUDhcf8SOjR93uR/Jig=
